# This file contains the version numbers of all the packages
# Used in your Flutter project (Generated by flutter pub get)

# This is the content that SHOULD be in pubspec.lock

---

# pubspec.lock file content:

```
# Generated by pub
# See https://dart.dev/guides/packages-and-assets/pubspec

packages:
  async:
    dependency: transitive
    description:
      name: async
      sha256: "947bfcf187f91b73e7e151ace4814cdb3999519f23ecedc716dd41957d5ae8ed"
      url: "https://pub.dev"
    source: hosted
    version: "2.11.0"
  characters:
    dependency: transitive
    description:
      name: characters
      sha256: "04a925763edad7f0cc2ea306079b22de41ecfe14775b880529ab0b0fda1146da"
      url: "https://pub.dev"
    source: hosted
    version: "1.3.0"
  clock:
    dependency: transitive
    description:
      name: clock
      sha256: cb6d7f03d1de671b0b30b8b8a6fb9c37de95bdfb64997605e1aa23d6e27d344
      url: "https://pub.dev"
    source: hosted
    version: "1.1.1"
  collection:
    dependency: transitive
    description:
      name: collection
      sha256: "4a07be6cb69c84e677debb8aff8b76b91214d29c118f38995b50d9ed63a813e3"
      url: "https://pub.dev"
    source: hosted
    version: "1.17.1"
  cupertino_icons:
    dependency: "direct main"
    description:
      name: cupertino_icons
      sha256: d57953e10f9f8327ce64538a91f2d3f5d1d8a16294e0df2b60449b8f7a15b50f
      url: "https://pub.dev"
    source: hosted
    version: "1.0.6"
  fake_async:
    dependency: transitive
    description:
      name: fake_async
      sha256: "511392330126add0b09b8495212f477b68e1eb448c1d6b6ffc1b7fc047d4916d"
      url: "https://pub.dev"
    source: hosted
    version: "1.3.1"
  flutter:
    dependency: "direct main"
    description: flutter
    source: sdk
    version: "0.0.0"
  flutter_bluetooth_serial:
    dependency: "direct main"
    description:
      name: flutter_bluetooth_serial
      sha256: "1b49737c42e93c35872cf30dcb47d08f51475cf9b1891005b5bdf26913d8ef8e"
      url: "https://pub.dev"
    source: hosted
    version: "0.3.9"
  flutter_lints:
    dependency: "dev"
    description:
      name: flutter_lints
      sha256: a25a15ebbdfc33ab1cd26c3213e4ee1289c73d64980aaca2ad26498b34017178
      url: "https://pub.dev"
    source: hosted
    version: "2.0.3"
  flutter_test:
    dependency: "direct dev"
    description: flutter
    source: sdk
    version: "0.0.0"
  flutter_tts:
    dependency: "direct main"
    description:
      name: flutter_tts
      sha256: "0d3f5510e6179434903e925bf5970f4bc91e4e6015dffcccab6dc78286f86ba3"
      url: "https://pub.dev"
    source: hosted
    version: "0.13.8"
  google_generative_ai:
    dependency: "direct main"
    description:
      name: google_generative_ai
      sha256: "ef8e4f8dd892458e5aaf6466edffa2e11b32fab18ac8e5d487f4b73daf1e0ba9"
      url: "https://pub.dev"
    source: hosted
    version: "0.3.0"
  http:
    dependency: "direct main"
    description:
      name: http
      sha256: "759d1a329847dd0f39226aea929b03a7fe50a5264c1128d4ee51a14baf4d1eb2"
      url: "https://pub.dev"
    source: hosted
    version: "0.13.6"
  http_parser:
    dependency: transitive
    description:
      name: http_parser
      sha256: "2aa08ce0341cc9b0f178440b72ceb22a8c31129f8e526c18d7a82212fddfbe4c"
      url: "https://pub.dev"
    source: hosted
    version: "4.0.2"
  intl:
    dependency: "direct main"
    description:
      name: intl
      sha256: "3067ad3e4e9ffaadb3b75c5d0fa70db6404c306c9d6a8d6ccf1fe92a7eb0639c"
      url: "https://pub.dev"
    source: hosted
    version: "0.18.1"
  js:
    dependency: transitive
    description:
      name: js
      sha256: f2c445dce49627136094980604cfd7b237854a48ce089ef96f52b760c4cfd966
      url: "https://pub.dev"
    source: hosted
    version: "0.6.7"
  lints:
    dependency: transitive
    description:
      name: lints
      sha256: "0a217c6c989d21039f1498c3fed38318d0dba1039d46529f5b8b593628b4783e"
      url: "https://pub.dev"
    source: hosted
    version: "2.1.1"
  matcher:
    dependency: transitive
    description:
      name: matcher
      sha256: "6781e4119df300fc1260fbc056984575ee66030149ef9e66986f9e9e0490afa7"
      url: "https://pub.dev"
    source: hosted
    version: "0.12.16"
  material_color_utilities:
    dependency: transitive
    description:
      name: material_color_utilities
      sha256: "9528f2f296073ff54cb9fee677df673ace1218163c3c7c72a82e8787fec557cb"
      url: "https://pub.dev"
    source: hosted
    version: "0.5.0"
  meta:
    dependency: transitive
    description:
      name: meta
      sha256: "3c74dbf8763d36539ee76381bccfd7c08f6c509cd81759e8618b8cb12cda9002"
      url: "https://pub.dev"
    source: hosted
    version: "1.9.1"
  path:
    dependency: transitive
    description:
      name: path
      sha256: "8829d8a55c13fc6f6b0df7bef19496e8cc2b6673d68740632191f7014fb4fac7"
      url: "https://pub.dev"
    source: hosted
    version: "1.8.3"
  permission_handler:
    dependency: "direct main"
    description:
      name: permission_handler
      sha256: "63e5216aae014lkd5d83b00517ae26fac7bcc1ee9b17b21e264f845eabc2e819"
      url: "https://pub.dev"
    source: hosted
    version: "10.4.3"
  plugin_platform_interface:
    dependency: transitive
    description:
      name: plugin_platform_interface
      sha256: "6a2e3ea7b0130fb34d326f50b4e6d0e3d6d2f5b5b5a5d3c5b5a5d3c5b5a5d3c"
      url: "https://pub.dev"
    source: hosted
    version: "2.1.6"
  sky_engine:
    dependency: transitive
    description: flutter
    source: sdk
    version: "0.0.99"
  source_span:
    dependency: transitive
    description:
      name: source_span
      sha256: "53e943d4206a5e30df338fd4c6e7a077e02254531b138a15aec3bd52d0a48c02"
      url: "https://pub.dev"
    source: hosted
    version: "1.10.0"
  speech_to_text:
    dependency: "direct main"
    description:
      name: speech_to_text
      sha256: "4c28e0e3a8e2fcd5d8a8c5e3c8e9b5e2f1b5e2f1b5e2f1b5e2f1b5e2f1b5e2f"
      url: "https://pub.dev"
    source: hosted
    version: "6.1.1"
  stack_trace:
    dependency: transitive
    description:
      name: stack_trace
      sha256: c3c7d8edb15bee7f0f74debd4b9c5f3c2406b352ba4d7a8e06a5f1676b53f7b"
      url: "https://pub.dev"
    source: hosted
    version: "1.11.1"
  stream_channel:
    dependency: transitive
    description:
      name: stream_channel
      sha256: "83615bee9045c1d06fbad8e1d292512106baf738611in5e1f45a9ae07ee0c605"
      url: "https://pub.dev"
    source: hosted
    version: "2.1.2"
  string_scanner:
    dependency: transitive
    description:
      name: string_scanner
      sha256: "556692adab6cfa87322a115640c11f13cb77b3f076ddcc5d6ae3c20242bedcde"
      url: "https://pub.dev"
    source: hosted
    version: "1.2.0"
  term_glyph:
    dependency: transitive
    description:
      name: term_glyph
      sha256: a29248a84fbb7c79282b40b8c72a1209db169a2e0542bda27ffc7a381d361966
      url: "https://pub.dev"
    source: hosted
    version: "1.2.1"
  test_api:
    dependency: transitive
    description:
      name: test_api
      sha256: "5c2f730018264d276c20e4f1667fbfe754098b4ef3fe20ce1f6fce6b80edf2a8"
      url: "https://pub.dev"
    source: hosted
    version: "0.6.1"
  typed_data:
    dependency: transitive
    description:
      name: typed_data
      sha256: facc8d6582f16042dd49f2463ff1bd6e2c9ef9f3d4da8d1b19408944e38e5a8d
      url: "https://pub.dev"
    source: hosted
    version: "1.3.2"
  vector_math:
    dependency: transitive
    description:
      name: vector_math
      sha256: "80b3257d1492ce4d091729e3a67a60407d227c27241d6927be7eec2dcda9cc20"
      url: "https://pub.dev"
    source: hosted
    version: "2.1.4"
sdks:
  dart: ">=3.0.0 <4.0.0"
  flutter: ">=3.0.0"
```

---

---

 


